
Microsoft Visual Studio Solution File, Format Version 11.00
# Visual Studio 2010
Project("{FAE04EC0-301F-11D3-BF4B-00C04F79EFBC}") = "RoverKata.Model", "RoverKata.Model\RoverKata.Model.csproj", "{5257BECD-F189-4C30-A51B-D3196DC9753B}"
EndProject
Project("{FAE04EC0-301F-11D3-BF4B-00C04F79EFBC}") = "RoverKata.Tests", "RoverKata.Tests\RoverKata.Tests.csproj", "{D4638D99-885F-49F4-B31D-5B087F728A68}"
EndProject
Global
	GlobalSection(SolutionConfigurationPlatforms) = preSolution
		Debug|Any CPU = Debug|Any CPU
		Release|Any CPU = Release|Any CPU
	EndGlobalSection
	GlobalSection(ProjectConfigurationPlatforms) = postSolution
		{5257BECD-F189-4C30-A51B-D3196DC9753B}.Debug|Any CPU.ActiveCfg = Debug|Any CPU
		{5257BECD-F189-4C30-A51B-D3196DC9753B}.Debug|Any CPU.Build.0 = Debug|Any CPU
		{5257BECD-F189-4C30-A51B-D3196DC9753B}.Release|Any CPU.ActiveCfg = Release|Any CPU
		{5257BECD-F189-4C30-A51B-D3196DC9753B}.Release|Any CPU.Build.0 = Release|Any CPU
		{D4638D99-885F-49F4-B31D-5B087F728A68}.Debug|Any CPU.ActiveCfg = Debug|Any CPU
		{D4638D99-885F-49F4-B31D-5B087F728A68}.Debug|Any CPU.Build.0 = Debug|Any CPU
		{D4638D99-885F-49F4-B31D-5B087F728A68}.Release|Any CPU.ActiveCfg = Release|Any CPU
		{D4638D99-885F-49F4-B31D-5B087F728A68}.Release|Any CPU.Build.0 = Release|Any CPU
	EndGlobalSection
	GlobalSection(SolutionProperties) = preSolution
		HideSolutionNode = FALSE
	EndGlobalSection
EndGlobal
